
Microsoft Visual Studio Solution File, Format Version 12.00
# Visual Studio 15
Project("{FAE04EC0-301F-11D3-BF4B-00C04F79EFBC}") = "Assembly-CSharp", "Assembly-CSharp.csproj", "{A6F1B48D-8207-E00F-38E0-BB25883643E8}"
EndProject
Project("{FAE04EC0-301F-11D3-BF4B-00C04F79EFBC}") = "Assembly-CSharp-Editor", "Assembly-CSharp-Editor.csproj", "{7871419F-9E5C-31BE-0418-4E12CE74157B}"
EndProject
Global
	GlobalSection(SolutionConfigurationPlatforms) = preSolution
		Debug|Any CPU = Debug|Any CPU
		Release|Any CPU = Release|Any CPU
	EndGlobalSection
	GlobalSection(ProjectConfigurationPlatforms) = postSolution
		{A6F1B48D-8207-E00F-38E0-BB25883643E8}.Debug|Any CPU.ActiveCfg = Debug|Any CPU
		{A6F1B48D-8207-E00F-38E0-BB25883643E8}.Debug|Any CPU.Build.0 = Debug|Any CPU
		{A6F1B48D-8207-E00F-38E0-BB25883643E8}.Release|Any CPU.ActiveCfg = Release|Any CPU
		{A6F1B48D-8207-E00F-38E0-BB25883643E8}.Release|Any CPU.Build.0 = Release|Any CPU
		{7871419F-9E5C-31BE-0418-4E12CE74157B}.Debug|Any CPU.ActiveCfg = Debug|Any CPU
		{7871419F-9E5C-31BE-0418-4E12CE74157B}.Debug|Any CPU.Build.0 = Debug|Any CPU
		{7871419F-9E5C-31BE-0418-4E12CE74157B}.Release|Any CPU.ActiveCfg = Release|Any CPU
		{7871419F-9E5C-31BE-0418-4E12CE74157B}.Release|Any CPU.Build.0 = Release|Any CPU
	EndGlobalSection
	GlobalSection(SolutionProperties) = preSolution
		HideSolutionNode = FALSE
	EndGlobalSection
EndGlobal
